// !$*UTF8*$!
{
	archiveVersion = 1;
	classes = {
	};
	objectVersion = 48;
	objects = {

/* Begin PBXBuildFile section */
		CFB6302D1FD2A29500C3481B /* AppDelegate.swift in Sources */ = {isa = PBXBuildFile; fileRef = CFB6302C1FD2A29500C3481B /* AppDelegate.swift */; };
		CFB6302F1FD2A29500C3481B /* ViewController.swift in Sources */ = {isa = PBXBuildFile; fileRef = CFB6302E1FD2A29500C3481B /* ViewController.swift */; };
		CFB630321FD2A29500C3481B /* Main.storyboard in Resources */ = {isa = PBXBuildFile; fileRef = CFB630301FD2A29500C3481B /* Main.storyboard */; };
		CFB630341FD2A29600C3481B /* Assets.xcassets in Resources */ = {isa = PBXBuildFile; fileRef = CFB630331FD2A29600C3481B /* Assets.xcassets */; };
		CFB630371FD2A29600C3481B /* LaunchScreen.storyboard in Resources */ = {isa = PBXBuildFile; fileRef = CFB630351FD2A29600C3481B /* LaunchScreen.storyboard */; };
		CFB630421FD2A29600C3481B /* FadeViewTests.swift in Sources */ = {isa = PBXBuildFile; fileRef = CFB630411FD2A29600C3481B /* FadeViewTests.swift */; };
		CFB6304D1FD2A29600C3481B /* FadeViewUITests.swift in Sources */ = {isa = PBXBuildFile; fileRef = CFB6304C1FD2A29600C3481B /* FadeViewUITests.swift */; };
/* End PBXBuildFile section */

/* Begin PBXContainerItemProxy section */
		CFB6303E1FD2A29600C3481B /* PBXContainerItemProxy */ = {
			isa = PBXContainerItemProxy;
			containerPortal = CFB630211FD2A29400C3481B /* Project object */;
			proxyType = 1;
			remoteGlobalIDString = CFB630281FD2A29500C3481B;
			remoteInfo = FadeView;
		};
		CFB630491FD2A29600C3481B /* PBXContainerItemProxy */ = {
			isa = PBXContainerItemProxy;
			containerPortal = CFB630211FD2A29400C3481B /* Project object */;
			proxyType = 1;
			remoteGlobalIDString = CFB630281FD2A29500C3481B;
			remoteInfo = FadeView;
		};
/* End PBXContainerItemProxy section */

/* Begin PBXFileReference section */
		CFB630291FD2A29500C3481B /* FadeView.app */ = {isa = PBXFileReference; explicitFileType = wrapper.application; includeInIndex = 0; path = FadeView.app; sourceTree = BUILT_PRODUCTS_DIR; };
		CFB6302C1FD2A29500C3481B /* AppDelegate.swift */ = {isa = PBXFileReference; lastKnownFileType = sourcecode.swift; path = AppDelegate.swift; sourceTree = "<group>"; };
		CFB6302E1FD2A29500C3481B /* ViewController.swift */ = {isa = PBXFileReference; lastKnownFileType = sourcecode.swift; path = ViewController.swift; sourceTree = "<group>"; };
		CFB630311FD2A29500C3481B /* Base */ = {isa = PBXFileReference; lastKnownFileType = file.storyboard; name = Base; path = Base.lproj/Main.storyboard; sourceTree = "<group>"; };
		CFB630331FD2A29600C3481B /* Assets.xcassets */ = {isa = PBXFileReference; lastKnownFileType = folder.assetcatalog; path = Assets.xcassets; sourceTree = "<group>"; };
		CFB630361FD2A29600C3481B /* Base */ = {isa = PBXFileReference; lastKnownFileType = file.storyboard; name = Base; path = Base.lproj/LaunchScreen.storyboard; sourceTree = "<group>"; };
		CFB630381FD2A29600C3481B /* Info.plist */ = {isa = PBXFileReference; lastKnownFileType = text.plist.xml; path = Info.plist; sourceTree = "<group>"; };
		CFB6303D1FD2A29600C3481B /* FadeViewTests.xctest */ = {isa = PBXFileReference; explicitFileType = wrapper.cfbundle; includeInIndex = 0; path = FadeViewTests.xctest; sourceTree = BUILT_PRODUCTS_DIR; };
		CFB630411FD2A29600C3481B /* FadeViewTests.swift */ = {isa = PBXFileReference; lastKnownFileType = sourcecode.swift; path = FadeViewTests.swift; sourceTree = "<group>"; };
		CFB630431FD2A29600C3481B /* Info.plist */ = {isa = PBXFileReference; lastKnownFileType = text.plist.xml; path = Info.plist; sourceTree = "<group>"; };
		CFB630481FD2A29600C3481B /* FadeViewUITests.xctest */ = {isa = PBXFileReference; explicitFileType = wrapper.cfbundle; includeInIndex = 0; path = FadeViewUITests.xctest; sourceTree = BUILT_PRODUCTS_DIR; };
		CFB6304C1FD2A29600C3481B /* FadeViewUITests.swift */ = {isa = PBXFileReference; lastKnownFileType = sourcecode.swift; path = FadeViewUITests.swift; sourceTree = "<group>"; };
		CFB6304E1FD2A29600C3481B /* Info.plist */ = {isa = PBXFileReference; lastKnownFileType = text.plist.xml; path = Info.plist; sourceTree = "<group>"; };
/* End PBXFileReference section */

/* Begin PBXFrameworksBuildPhase section */
		CFB630261FD2A29500C3481B /* Frameworks */ = {
			isa = PBXFrameworksBuildPhase;
			buildActionMask = 2147483647;
			files = (
			);
			runOnlyForDeploymentPostprocessing = 0;
		};
		CFB6303A1FD2A29600C3481B /* Frameworks */ = {
			isa = PBXFrameworksBuildPhase;
			buildActionMask = 2147483647;
			files = (
			);
			runOnlyForDeploymentPostprocessing = 0;
		};
		CFB630451FD2A29600C3481B /* Frameworks */ = {
			isa = PBXFrameworksBuildPhase;
			buildActionMask = 2147483647;
			files = (
			);
			runOnlyForDeploymentPostprocessing = 0;
		};
/* End PBXFrameworksBuildPhase section */

/* Begin PBXGroup section */
		CFB630201FD2A29400C3481B = {
			isa = PBXGroup;
			children = (
				CFB6302B1FD2A29500C3481B /* FadeView */,
				CFB630401FD2A29600C3481B /* FadeViewTests */,
				CFB6304B1FD2A29600C3481B /* FadeViewUITests */,
				CFB6302A1FD2A29500C3481B /* Products */,
			);
			sourceTree = "<group>";
		};
		CFB6302A1FD2A29500C3481B /* Products */ = {
			isa = PBXGroup;
			children = (
				CFB630291FD2A29500C3481B /* FadeView.app */,
				CFB6303D1FD2A29600C3481B /* FadeViewTests.xctest */,
				CFB630481FD2A29600C3481B /* FadeViewUITests.xctest */,
			);
			name = Products;
			sourceTree = "<group>";
		};
		CFB6302B1FD2A29500C3481B /* FadeView */ = {
			isa = PBXGroup;
			children = (
				CFB6302C1FD2A29500C3481B /* AppDelegate.swift */,
				CFB6302E1FD2A29500C3481B /* ViewController.swift */,
				CFB630301FD2A29500C3481B /* Main.storyboard */,
				CFB630331FD2A29600C3481B /* Assets.xcassets */,
				CFB630351FD2A29600C3481B /* LaunchScreen.storyboard */,
				CFB630381FD2A29600C3481B /* Info.plist */,
			);
			path = FadeView;
			sourceTree = "<group>";
		};
		CFB630401FD2A29600C3481B /* FadeViewTests */ = {
			isa = PBXGroup;
			children = (
				CFB630411FD2A29600C3481B /* FadeViewTests.swift */,
				CFB630431FD2A29600C3481B /* Info.plist */,
			);
			path = FadeViewTests;
			sourceTree = "<group>";
		};
		CFB6304B1FD2A29600C3481B /* FadeViewUITests */ = {
			isa = PBXGroup;
			children = (
				CFB6304C1FD2A29600C3481B /* FadeViewUITests.swift */,
				CFB6304E1FD2A29600C3481B /* Info.plist */,
			);
			path = FadeViewUITests;
			sourceTree = "<group>";
		};
/* End PBXGroup section */

/* Begin PBXNativeTarget section */
		CFB630281FD2A29500C3481B /* FadeView */ = {
			isa = PBXNativeTarget;
			buildConfigurationList = CFB630511FD2A29600C3481B /* Build configuration list for PBXNativeTarget "FadeView" */;
			buildPhases = (
				CFB630251FD2A29500C3481B /* Sources */,
				CFB630261FD2A29500C3481B /* Frameworks */,
				CFB630271FD2A29500C3481B /* Resources */,
			);
			buildRules = (
			);
			dependencies = (
			);
			name = FadeView;
			productName = FadeView;
			productReference = CFB630291FD2A29500C3481B /* FadeView.app */;
			productType = "com.apple.product-type.application";
		};
		CFB6303C1FD2A29600C3481B /* FadeViewTests */ = {
			isa = PBXNativeTarget;
			buildConfigurationList = CFB630541FD2A29600C3481B /* Build configuration list for PBXNativeTarget "FadeViewTests" */;
			buildPhases = (
				CFB630391FD2A29600C3481B /* Sources */,
				CFB6303A1FD2A29600C3481B /* Frameworks */,
				CFB6303B1FD2A29600C3481B /* Resources */,
			);
			buildRules = (
			);
			dependencies = (
				CFB6303F1FD2A29600C3481B /* PBXTargetDependency */,
			);
			name = FadeViewTests;
			productName = FadeViewTests;
			productReference = CFB6303D1FD2A29600C3481B /* FadeViewTests.xctest */;
			productType = "com.apple.product-type.bundle.unit-test";
		};
		CFB630471FD2A29600C3481B /* FadeViewUITests */ = {
			isa = PBXNativeTarget;
			buildConfigurationList = CFB630571FD2A29600C3481B /* Build configuration list for PBXNativeTarget "FadeViewUITests" */;
			buildPhases = (
				CFB630441FD2A29600C3481B /* Sources */,
				CFB630451FD2A29600C3481B /* Frameworks */,
				CFB630461FD2A29600C3481B /* Resources */,
			);
			buildRules = (
			);
			dependencies = (
				CFB6304A1FD2A29600C3481B /* PBXTargetDependency */,
			);
			name = FadeViewUITests;
			productName = FadeViewUITests;
			productReference = CFB630481FD2A29600C3481B /* FadeViewUITests.xctest */;
			productType = "com.apple.product-type.bundle.ui-testing";
		};
/* End PBXNativeTarget section */

/* Begin PBXProject section */
		CFB630211FD2A29400C3481B /* Project object */ = {
			isa = PBXProject;
			attributes = {
				LastSwiftUpdateCheck = 0910;
				LastUpgradeCheck = 0910;
				ORGANIZATIONNAME = Gerald;
				TargetAttributes = {
					CFB630281FD2A29500C3481B = {
						CreatedOnToolsVersion = 9.1;
						ProvisioningStyle = Automatic;
					};
					CFB6303C1FD2A29600C3481B = {
						CreatedOnToolsVersion = 9.1;
						ProvisioningStyle = Automatic;
						TestTargetID = CFB630281FD2A29500C3481B;
					};
					CFB630471FD2A29600C3481B = {
						CreatedOnToolsVersion = 9.1;
						ProvisioningStyle = Automatic;
						TestTargetID = CFB630281FD2A29500C3481B;
					};
				};
			};
			buildConfigurationList = CFB630241FD2A29400C3481B /* Build configuration list for PBXProject "FadeView" */;
			compatibilityVersion = "Xcode 8.0";
			developmentRegion = en;
			hasScannedForEncodings = 0;
			knownRegions = (
				en,
				Base,
			);
			mainGroup = CFB630201FD2A29400C3481B;
			productRefGroup = CFB6302A1FD2A29500C3481B /* Products */;
			projectDirPath = "";
			projectRoot = "";
			targets = (
				CFB630281FD2A29500C3481B /* FadeView */,
				CFB6303C1FD2A29600C3481B /* FadeViewTests */,
				CFB630471FD2A29600C3481B /* FadeViewUITests */,
			);
		};
/* End PBXProject section */

/* Begin PBXResourcesBuildPhase section */
		CFB630271FD2A29500C3481B /* Resources */ = {
			isa = PBXResourcesBuildPhase;
			buildActionMask = 2147483647;
			files = (
				CFB630371FD2A29600C3481B /* LaunchScreen.storyboard in Resources */,
				CFB630341FD2A29600C3481B /* Assets.xcassets in Resources */,
				CFB630321FD2A29500C3481B /* Main.storyboard in Resources */,
			);
			runOnlyForDeploymentPostprocessing = 0;
		};
		CFB6303B1FD2A29600C3481B /* Resources */ = {
			isa = PBXResourcesBuildPhase;
			buildActionMask = 2147483647;
			files = (
			);
			runOnlyForDeploymentPostprocessing = 0;
		};
		CFB630461FD2A29600C3481B /* Resources */ = {
			isa = PBXResourcesBuildPhase;
			buildActionMask = 2147483647;
			files = (
			);
			runOnlyForDeploymentPostprocessing = 0;
		};
/* End PBXResourcesBuildPhase section */

/* Begin PBXSourcesBuildPhase section */
		CFB630251FD2A29500C3481B /* Sources */ = {
			isa = PBXSourcesBuildPhase;
			buildActionMask = 2147483647;
			files = (
				CFB6302F1FD2A29500C3481B /* ViewController.swift in Sources */,
				CFB6302D1FD2A29500C3481B /* AppDelegate.swift in Sources */,
			);
			runOnlyForDeploymentPostprocessing = 0;
		};
		CFB630391FD2A29600C3481B /* Sources */ = {
			isa = PBXSourcesBuildPhase;
			buildActionMask = 2147483647;
			files = (
				CFB630421FD2A29600C3481B /* FadeViewTests.swift in Sources */,
			);
			runOnlyForDeploymentPostprocessing = 0;
		};
		CFB630441FD2A29600C3481B /* Sources */ = {
			isa = PBXSourcesBuildPhase;
			buildActionMask = 2147483647;
			files = (
				CFB6304D1FD2A29600C3481B /* FadeViewUITests.swift in Sources */,
			);
			runOnlyForDeploymentPostprocessing = 0;
		};
/* End PBXSourcesBuildPhase section */

/* Begin PBXTargetDependency section */
		CFB6303F1FD2A29600C3481B /* PBXTargetDependency */ = {
			isa = PBXTargetDependency;
			target = CFB630281FD2A29500C3481B /* FadeView */;
			targetProxy = CFB6303E1FD2A29600C3481B /* PBXContainerItemProxy */;
		};
		CFB6304A1FD2A29600C3481B /* PBXTargetDependency */ = {
			isa = PBXTargetDependency;
			target = CFB630281FD2A29500C3481B /* FadeView */;
			targetProxy = CFB630491FD2A29600C3481B /* PBXContainerItemProxy */;
		};
/* End PBXTargetDependency section */

/* Begin PBXVariantGroup section */
		CFB630301FD2A29500C3481B /* Main.storyboard */ = {
			isa = PBXVariantGroup;
			children = (
				CFB630311FD2A29500C3481B /* Base */,
			);
			name = Main.storyboard;
			sourceTree = "<group>";
		};
		CFB630351FD2A29600C3481B /* LaunchScreen.storyboard */ = {
			isa = PBXVariantGroup;
			children = (
				CFB630361FD2A29600C3481B /* Base */,
			);
			name = LaunchScreen.storyboard;
			sourceTree = "<group>";
		};
/* End PBXVariantGroup section */

/* Begin XCBuildConfiguration section */
		CFB6304F1FD2A29600C3481B /* Debug */ = {
			isa = XCBuildConfiguration;
			buildSettings = {
				ALWAYS_SEARCH_USER_PATHS = NO;
				CLANG_ANALYZER_NONNULL = YES;
				CLANG_ANALYZER_NUMBER_OBJECT_CONVERSION = YES_AGGRESSIVE;
				CLANG_CXX_LANGUAGE_STANDARD = "gnu++14";
				CLANG_CXX_LIBRARY = "libc++";
				CLANG_ENABLE_MODULES = YES;
				CLANG_ENABLE_OBJC_ARC = YES;
				CLANG_WARN_BLOCK_CAPTURE_AUTORELEASING = YES;
				CLANG_WARN_BOOL_CONVERSION = YES;
				CLANG_WARN_COMMA = YES;
				CLANG_WARN_CONSTANT_CONVERSION = YES;
				CLANG_WARN_DIRECT_OBJC_ISA_USAGE = YES_ERROR;
				CLANG_WARN_DOCUMENTATION_COMMENTS = YES;
				CLANG_WARN_EMPTY_BODY = YES;
				CLANG_WARN_ENUM_CONVERSION = YES;
				CLANG_WARN_INFINITE_RECURSION = YES;
				CLANG_WARN_INT_CONVERSION = YES;
				CLANG_WARN_NON_LITERAL_NULL_CONVERSION = YES;
				CLANG_WARN_OBJC_LITERAL_CONVERSION = YES;
				CLANG_WARN_OBJC_ROOT_CLASS = YES_ERROR;
				CLANG_WARN_RANGE_LOOP_ANALYSIS = YES;
				CLANG_WARN_STRICT_PROTOTYPES = YES;
				CLANG_WARN_SUSPICIOUS_MOVE = YES;
				CLANG_WARN_UNGUARDED_AVAILABILITY = YES_AGGRESSIVE;
				CLANG_WARN_UNREACHABLE_CODE = YES;
				CLANG_WARN__DUPLICATE_METHOD_MATCH = YES;
				CODE_SIGN_IDENTITY = "iPhone Developer";
				COPY_PHASE_STRIP = NO;
				DEBUG_INFORMATION_FORMAT = dwarf;
				ENABLE_STRICT_OBJC_MSGSEND = YES;
				ENABLE_TESTABILITY = YES;
				GCC_C_LANGUAGE_STANDARD = gnu11;
				GCC_DYNAMIC_NO_PIC = NO;
				GCC_NO_COMMON_BLOCKS = YES;
				GCC_OPTIMIZATION_LEVEL = 0;
				GCC_PREPROCESSOR_DEFINITIONS = (
					"DEBUG=1",
					"$(inherited)",
				);
				GCC_WARN_64_TO_32_BIT_CONVERSION = YES;
				GCC_WARN_ABOUT_RETURN_TYPE = YES_ERROR;
				GCC_WARN_UNDECLARED_SELECTOR = YES;
				GCC_WARN_UNINITIALIZED_AUTOS = YES_AGGRESSIVE;
				GCC_WARN_UNUSED_FUNCTION = YES;
				GCC_WARN_UNUSED_VARIABLE = YES;
				IPHONEOS_DEPLOYMENT_TARGET = 11.1;
				MTL_ENABLE_DEBUG_INFO = YES;
				ONLY_ACTIVE_ARCH = YES;
				SDKROOT = iphoneos;
				SWIFT_ACTIVE_COMPILATION_CONDITIONS = DEBUG;
				SWIFT_OPTIMIZATION_LEVEL = "-Onone";
			};
			name = Debug;
		};
		CFB630501FD2A29600C3481B /* Release */ = {
			isa = XCBuildConfiguration;
			buildSettings = {
				ALWAYS_SEARCH_USER_PATHS = NO;
				CLANG_ANALYZER_NONNULL = YES;
				CLANG_ANALYZER_NUMBER_OBJECT_CONVERSION = YES_AGGRESSIVE;
				CLANG_CXX_LANGUAGE_STANDARD = "gnu++14";
				CLANG_CXX_LIBRARY = "libc++";
				CLANG_ENABLE_MODULES = YES;
				CLANG_ENABLE_OBJC_ARC = YES;
				CLANG_WARN_BLOCK_CAPTURE_AUTORELEASING = YES;
				CLANG_WARN_BOOL_CONVERSION = YES;
				CLANG_WARN_COMMA = YES;
				CLANG_WARN_CONSTANT_CONVERSION = YES;
				CLANG_WARN_DIRECT_OBJC_ISA_USAGE = YES_ERROR;
				CLANG_WARN_DOCUMENTATION_COMMENTS = YES;
				CLANG_WARN_EMPTY_BODY = YES;
				CLANG_WARN_ENUM_CONVERSION = YES;
				CLANG_WARN_INFINITE_RECURSION = YES;
				CLANG_WARN_INT_CONVERSION = YES;
				CLANG_WARN_NON_LITERAL_NULL_CONVERSION = YES;
				CLANG_WARN_OBJC_LITERAL_CONVERSION = YES;
				CLANG_WARN_OBJC_ROOT_CLASS = YES_ERROR;
				CLANG_WARN_RANGE_LOOP_ANALYSIS = YES;
				CLANG_WARN_STRICT_PROTOTYPES = YES;
				CLANG_WARN_SUSPICIOUS_MOVE = YES;
				CLANG_WARN_UNGUARDED_AVAILABILITY = YES_AGGRESSIVE;
				CLANG_WARN_UNREACHABLE_CODE = YES;
				CLANG_WARN__DUPLICATE_METHOD_MATCH = YES;
				CODE_SIGN_IDENTITY = "iPhone Developer";
				COPY_PHASE_STRIP = NO;
				DEBUG_INFORMATION_FORMAT = "dwarf-with-dsym";
				ENABLE_NS_ASSERTIONS = NO;
				ENABLE_STRICT_OBJC_MSGSEND = YES;
				GCC_C_LANGUAGE_STANDARD = gnu11;
				GCC_NO_COMMON_BLOCKS = YES;
				GCC_WARN_64_TO_32_BIT_CONVERSION = YES;
				GCC_WARN_ABOUT_RETURN_TYPE = YES_ERROR;
				GCC_WARN_UNDECLARED_SELECTOR = YES;
				GCC_WARN_UNINITIALIZED_AUTOS = YES_AGGRESSIVE;
				GCC_WARN_UNUSED_FUNCTION = YES;
				GCC_WARN_UNUSED_VARIABLE = YES;
				IPHONEOS_DEPLOYMENT_TARGET = 11.1;
				MTL_ENABLE_DEBUG_INFO = NO;
				SDKROOT = iphoneos;
				SWIFT_OPTIMIZATION_LEVEL = "-Owholemodule";
				VALIDATE_PRODUCT = YES;
			};
			name = Release;
		};
		CFB630521FD2A29600C3481B /* Debug */ = {
			isa = XCBuildConfiguration;
			buildSettings = {
				ASSETCATALOG_COMPILER_APPICON_NAME = AppIcon;
				CODE_SIGN_STYLE = Automatic;
				DEVELOPMENT_TEAM = L472R94LUD;
				INFOPLIST_FILE = FadeView/Info.plist;
				LD_RUNPATH_SEARCH_PATHS = "$(inherited) @executable_path/Frameworks";
				PRODUCT_BUNDLE_IDENTIFIER = com.eurolloto.al.FadeView;
				PRODUCT_NAME = "$(TARGET_NAME)";
				SWIFT_VERSION = 4.0;
				TARGETED_DEVICE_FAMILY = "1,2";
			};
			name = Debug;
		};
		CFB630531FD2A29600C3481B /* Release */ = {
			isa = XCBuildConfiguration;
			buildSettings = {
				ASSETCATALOG_COMPILER_APPICON_NAME = AppIcon;
				CODE_SIGN_STYLE = Automatic;
				DEVELOPMENT_TEAM = L472R94LUD;
				INFOPLIST_FILE = FadeView/Info.plist;
				LD_RUNPATH_SEARCH_PATHS = "$(inherited) @executable_path/Frameworks";
				PRODUCT_BUNDLE_IDENTIFIER = com.eurolloto.al.FadeView;
				PRODUCT_NAME = "$(TARGET_NAME)";
				SWIFT_VERSION = 4.0;
				TARGETED_DEVICE_FAMILY = "1,2";
			};
			name = Release;
		};
		CFB630551FD2A29600C3481B /* Debug */ = {
			isa = XCBuildConfiguration;
			buildSettings = {
				ALWAYS_EMBED_SWIFT_STANDARD_LIBRARIES = YES;
				BUNDLE_LOADER = "$(TEST_HOST)";
				CODE_SIGN_STYLE = Automatic;
				DEVELOPMENT_TEAM = L472R94LUD;
				INFOPLIST_FILE = FadeViewTests/Info.plist;
				LD_RUNPATH_SEARCH_PATHS = "$(inherited) @executable_path/Frameworks @loader_path/Frameworks";
				PRODUCT_BUNDLE_IDENTIFIER = com.eurolloto.al.FadeViewTests;
				PRODUCT_NAME = "$(TARGET_NAME)";
				SWIFT_VERSION = 4.0;
				TARGETED_DEVICE_FAMILY = "1,2";
				TEST_HOST = "$(BUILT_PRODUCTS_DIR)/FadeView.app/FadeView";
			};
			name = Debug;
		};
		CFB630561FD2A29600C3481B /* Release */ = {
			isa = XCBuildConfiguration;
			buildSettings = {
				ALWAYS_EMBED_SWIFT_STANDARD_LIBRARIES = YES;
				BUNDLE_LOADER = "$(TEST_HOST)";
				CODE_SIGN_STYLE = Automatic;
				DEVELOPMENT_TEAM = L472R94LUD;
				INFOPLIST_FILE = FadeViewTests/Info.plist;
				LD_RUNPATH_SEARCH_PATHS = "$(inherited) @executable_path/Frameworks @loader_path/Frameworks";
				PRODUCT_BUNDLE_IDENTIFIER = com.eurolloto.al.FadeViewTests;
				PRODUCT_NAME = "$(TARGET_NAME)";
				SWIFT_VERSION = 4.0;
				TARGETED_DEVICE_FAMILY = "1,2";
				TEST_HOST = "$(BUILT_PRODUCTS_DIR)/FadeView.app/FadeView";
			};
			name = Release;
		};
		CFB630581FD2A29600C3481B /* Debug */ = {
			isa = XCBuildConfiguration;
			buildSettings = {
				ALWAYS_EMBED_SWIFT_STANDARD_LIBRARIES = YES;
				CODE_SIGN_STYLE = Automatic;
				DEVELOPMENT_TEAM = L472R94LUD;
				INFOPLIST_FILE = FadeViewUITests/Info.plist;
				LD_RUNPATH_SEARCH_PATHS = "$(inherited) @executable_path/Frameworks @loader_path/Frameworks";
				PRODUCT_BUNDLE_IDENTIFIER = com.eurolloto.al.FadeViewUITests;
				PRODUCT_NAME = "$(TARGET_NAME)";
				SWIFT_VERSION = 4.0;
				TARGETED_DEVICE_FAMILY = "1,2";
				TEST_TARGET_NAME = FadeView;
			};
			name = Debug;
		};
		CFB630591FD2A29600C3481B /* Release */ = {
			isa = XCBuildConfiguration;
			buildSettings = {
				ALWAYS_EMBED_SWIFT_STANDARD_LIBRARIES = YES;
				CODE_SIGN_STYLE = Automatic;
				DEVELOPMENT_TEAM = L472R94LUD;
				INFOPLIST_FILE = FadeViewUITests/Info.plist;
				LD_RUNPATH_SEARCH_PATHS = "$(inherited) @executable_path/Frameworks @loader_path/Frameworks";
				PRODUCT_BUNDLE_IDENTIFIER = com.eurolloto.al.FadeViewUITests;
				PRODUCT_NAME = "$(TARGET_NAME)";
				SWIFT_VERSION = 4.0;
				TARGETED_DEVICE_FAMILY = "1,2";
				TEST_TARGET_NAME = FadeView;
			};
			name = Release;
		};
/* End XCBuildConfiguration section */

/* Begin XCConfigurationList section */
		CFB630241FD2A29400C3481B /* Build configuration list for PBXProject "FadeView" */ = {
			isa = XCConfigurationList;
			buildConfigurations = (
				CFB6304F1FD2A29600C3481B /* Debug */,
				CFB630501FD2A29600C3481B /* Release */,
			);
			defaultConfigurationIsVisible = 0;
			defaultConfigurationName = Release;
		};
		CFB630511FD2A29600C3481B /* Build configuration list for PBXNativeTarget "FadeView" */ = {
			isa = XCConfigurationList;
			buildConfigurations = (
				CFB630521FD2A29600C3481B /* Debug */,
				CFB630531FD2A29600C3481B /* Release */,
			);
			defaultConfigurationIsVisible = 0;
			defaultConfigurationName = Release;
		};
		CFB630541FD2A29600C3481B /* Build configuration list for PBXNativeTarget "FadeViewTests" */ = {
			isa = XCConfigurationList;
			buildConfigurations = (
				CFB630551FD2A29600C3481B /* Debug */,
				CFB630561FD2A29600C3481B /* Release */,
			);
			defaultConfigurationIsVisible = 0;
			defaultConfigurationName = Release;
		};
		CFB630571FD2A29600C3481B /* Build configuration list for PBXNativeTarget "FadeViewUITests" */ = {
			isa = XCConfigurationList;
			buildConfigurations = (
				CFB630581FD2A29600C3481B /* Debug */,
				CFB630591FD2A29600C3481B /* Release */,
			);
			defaultConfigurationIsVisible = 0;
			defaultConfigurationName = Release;
		};
/* End XCConfigurationList section */
	};
	rootObject = CFB630211FD2A29400C3481B /* Project object */;
}
